
Microsoft Visual Studio Solution File, Format Version 12.00
# Visual Studio Version 17
VisualStudioVersion = 17.6.33723.286
MinimumVisualStudioVersion = 10.0.40219.1
Project("{8BC9CEB8-8B4A-11D0-8D11-00A0C91BC942}") = "PowerAudioPlayer", "PowerAudioPlayer\PowerAudioPlayer.vcxproj", "{7DB5C257-8920-4791-A1EF-7CA772E418F9}"
EndProject
Global
	GlobalSection(SolutionConfigurationPlatforms) = preSolution
		Debug|x64 = Debug|x64
		Debug|x86 = Debug|x86
		Release|x64 = Release|x64
		Release|x86 = Release|x86
	EndGlobalSection
	GlobalSection(ProjectConfigurationPlatforms) = postSolution
		{7DB5C257-8920-4791-A1EF-7CA772E418F9}.Debug|x64.ActiveCfg = Debug|x64
		{7DB5C257-8920-4791-A1EF-7CA772E418F9}.Debug|x64.Build.0 = Debug|x64
		{7DB5C257-8920-4791-A1EF-7CA772E418F9}.Debug|x86.ActiveCfg = Debug|Win32
		{7DB5C257-8920-4791-A1EF-7CA772E418F9}.Debug|x86.Build.0 = Debug|Win32
		{7DB5C257-8920-4791-A1EF-7CA772E418F9}.Release|x64.ActiveCfg = Release|x64
		{7DB5C257-8920-4791-A1EF-7CA772E418F9}.Release|x64.Build.0 = Release|x64
		{7DB5C257-8920-4791-A1EF-7CA772E418F9}.Release|x86.ActiveCfg = Release|Win32
		{7DB5C257-8920-4791-A1EF-7CA772E418F9}.Release|x86.Build.0 = Release|Win32
	EndGlobalSection
	GlobalSection(SolutionProperties) = preSolution
		HideSolutionNode = FALSE
	EndGlobalSection
	GlobalSection(ExtensibilityGlobals) = postSolution
		SolutionGuid = {77C547E0-3878-4677-9706-7AE0840F1F72}
	EndGlobalSection
EndGlobal
